// !$*UTF8*$!
{
	archiveVersion = 1;
	classes = {
	};
	objectVersion = 50;
	objects = {

/* Begin PBXBuildFile section */
		103DA5BF24E912B2004E4FD5 /* AppDelegate.swift in Sources */ = {isa = PBXBuildFile; fileRef = 103DA5BE24E912B2004E4FD5 /* AppDelegate.swift */; };
		103DA5C124E912B2004E4FD5 /* SceneDelegate.swift in Sources */ = {isa = PBXBuildFile; fileRef = 103DA5C024E912B2004E4FD5 /* SceneDelegate.swift */; };
		103DA5C324E912B2004E4FD5 /* QuestionViewController.swift in Sources */ = {isa = PBXBuildFile; fileRef = 103DA5C224E912B2004E4FD5 /* QuestionViewController.swift */; };
		103DA5C624E912B2004E4FD5 /* Main.storyboard in Resources */ = {isa = PBXBuildFile; fileRef = 103DA5C424E912B2004E4FD5 /* Main.storyboard */; };
		10519F0324EC607A0052FBAF /* QuestionStrategys.swift in Sources */ = {isa = PBXBuildFile; fileRef = 10519F0224EC607A0052FBAF /* QuestionStrategys.swift */; };
		1072EA1D24EC9E0600BCA647 /* SequentialQuestionStrategy.swift in Sources */ = {isa = PBXBuildFile; fileRef = 1072EA1C24EC9E0600BCA647 /* SequentialQuestionStrategy.swift */; };
		1072EA1F24ECA0DD00BCA647 /* RandomQuestionStrategy.swift in Sources */ = {isa = PBXBuildFile; fileRef = 1072EA1E24ECA0DD00BCA647 /* RandomQuestionStrategy.swift */; };
		10C49BBB24EB68A000E60966 /* SelectQuestionGroupViewController.swift in Sources */ = {isa = PBXBuildFile; fileRef = 10C49BBA24EB68A000E60966 /* SelectQuestionGroupViewController.swift */; };
		10C49BBD24EB83D600E60966 /* QuestionGroupCell.swift in Sources */ = {isa = PBXBuildFile; fileRef = 10C49BBC24EB83D600E60966 /* QuestionGroupCell.swift */; };
		10DBF84C24EAF61F002B4ED8 /* Question.swift in Sources */ = {isa = PBXBuildFile; fileRef = 10DBF84B24EAF61F002B4ED8 /* Question.swift */; };
		10DBF84E24EAF69B002B4ED8 /* QuestionsGroups.swift in Sources */ = {isa = PBXBuildFile; fileRef = 10DBF84D24EAF69B002B4ED8 /* QuestionsGroups.swift */; };
		10DBF85024EAF8E1002B4ED8 /* QuestionGroupData.swift in Sources */ = {isa = PBXBuildFile; fileRef = 10DBF84F24EAF8E1002B4ED8 /* QuestionGroupData.swift */; };
		10DBF85224EAF985002B4ED8 /* Assets.xcassets in Resources */ = {isa = PBXBuildFile; fileRef = 10DBF85124EAF985002B4ED8 /* Assets.xcassets */; };
		10DBF85424EAF9CA002B4ED8 /* LaunchScreen.storyboard.xml in Resources */ = {isa = PBXBuildFile; fileRef = 10DBF85324EAF9CA002B4ED8 /* LaunchScreen.storyboard.xml */; };
		10DBF85624EAFC19002B4ED8 /* QuestionView.swift in Sources */ = {isa = PBXBuildFile; fileRef = 10DBF85524EAFC19002B4ED8 /* QuestionView.swift */; };
/* End PBXBuildFile section */

/* Begin PBXFileReference section */
		103DA5BB24E912B2004E4FD5 /* RabbleWabble.app */ = {isa = PBXFileReference; explicitFileType = wrapper.application; includeInIndex = 0; path = RabbleWabble.app; sourceTree = BUILT_PRODUCTS_DIR; };
		103DA5BE24E912B2004E4FD5 /* AppDelegate.swift */ = {isa = PBXFileReference; lastKnownFileType = sourcecode.swift; path = AppDelegate.swift; sourceTree = "<group>"; };
		103DA5C024E912B2004E4FD5 /* SceneDelegate.swift */ = {isa = PBXFileReference; lastKnownFileType = sourcecode.swift; path = SceneDelegate.swift; sourceTree = "<group>"; };
		103DA5C224E912B2004E4FD5 /* QuestionViewController.swift */ = {isa = PBXFileReference; lastKnownFileType = sourcecode.swift; path = QuestionViewController.swift; sourceTree = "<group>"; };
		103DA5C524E912B2004E4FD5 /* Base */ = {isa = PBXFileReference; lastKnownFileType = file.storyboard; name = Base; path = Base.lproj/Main.storyboard; sourceTree = "<group>"; };
		103DA5CC24E912B3004E4FD5 /* Info.plist */ = {isa = PBXFileReference; lastKnownFileType = text.plist.xml; path = Info.plist; sourceTree = "<group>"; };
		10519F0224EC607A0052FBAF /* QuestionStrategys.swift */ = {isa = PBXFileReference; lastKnownFileType = sourcecode.swift; path = QuestionStrategys.swift; sourceTree = "<group>"; };
		1072EA1C24EC9E0600BCA647 /* SequentialQuestionStrategy.swift */ = {isa = PBXFileReference; lastKnownFileType = sourcecode.swift; path = SequentialQuestionStrategy.swift; sourceTree = "<group>"; };
		1072EA1E24ECA0DD00BCA647 /* RandomQuestionStrategy.swift */ = {isa = PBXFileReference; lastKnownFileType = sourcecode.swift; path = RandomQuestionStrategy.swift; sourceTree = "<group>"; };
		10C49BBA24EB68A000E60966 /* SelectQuestionGroupViewController.swift */ = {isa = PBXFileReference; lastKnownFileType = sourcecode.swift; path = SelectQuestionGroupViewController.swift; sourceTree = "<group>"; };
		10C49BBC24EB83D600E60966 /* QuestionGroupCell.swift */ = {isa = PBXFileReference; lastKnownFileType = sourcecode.swift; path = QuestionGroupCell.swift; sourceTree = "<group>"; };
		10DBF84B24EAF61F002B4ED8 /* Question.swift */ = {isa = PBXFileReference; lastKnownFileType = sourcecode.swift; path = Question.swift; sourceTree = "<group>"; };
		10DBF84D24EAF69B002B4ED8 /* QuestionsGroups.swift */ = {isa = PBXFileReference; lastKnownFileType = sourcecode.swift; path = QuestionsGroups.swift; sourceTree = "<group>"; };
		10DBF84F24EAF8E1002B4ED8 /* QuestionGroupData.swift */ = {isa = PBXFileReference; fileEncoding = 4; lastKnownFileType = sourcecode.swift; path = QuestionGroupData.swift; sourceTree = "<group>"; };
		10DBF85124EAF985002B4ED8 /* Assets.xcassets */ = {isa = PBXFileReference; lastKnownFileType = folder.assetcatalog; path = Assets.xcassets; sourceTree = "<group>"; };
		10DBF85324EAF9CA002B4ED8 /* LaunchScreen.storyboard.xml */ = {isa = PBXFileReference; fileEncoding = 4; lastKnownFileType = text.xml; path = LaunchScreen.storyboard.xml; sourceTree = "<group>"; };
		10DBF85524EAFC19002B4ED8 /* QuestionView.swift */ = {isa = PBXFileReference; lastKnownFileType = sourcecode.swift; path = QuestionView.swift; sourceTree = "<group>"; };
/* End PBXFileReference section */

/* Begin PBXFrameworksBuildPhase section */
		103DA5B824E912B2004E4FD5 /* Frameworks */ = {
			isa = PBXFrameworksBuildPhase;
			buildActionMask = 2147483647;
			files = (
			);
			runOnlyForDeploymentPostprocessing = 0;
		};
/* End PBXFrameworksBuildPhase section */

/* Begin PBXGroup section */
		103DA5B224E912B2004E4FD5 = {
			isa = PBXGroup;
			children = (
				103DA5BD24E912B2004E4FD5 /* RabbleWabble */,
				103DA5BC24E912B2004E4FD5 /* Products */,
			);
			sourceTree = "<group>";
		};
		103DA5BC24E912B2004E4FD5 /* Products */ = {
			isa = PBXGroup;
			children = (
				103DA5BB24E912B2004E4FD5 /* RabbleWabble.app */,
			);
			name = Products;
			sourceTree = "<group>";
		};
		103DA5BD24E912B2004E4FD5 /* RabbleWabble */ = {
			isa = PBXGroup;
			children = (
				103DA5D224E914A9004E4FD5 /* AppDelegate */,
				103DA5D324E914D4004E4FD5 /* Controllers */,
				103DA5D424E914FD004E4FD5 /* Models */,
				103DA5D524E9150A004E4FD5 /* Resources */,
				103DA5C024E912B2004E4FD5 /* SceneDelegate.swift */,
				10519F0124EC60270052FBAF /* Stategies */,
				103DA5D624E91518004E4FD5 /* Views */,
			);
			path = RabbleWabble;
			sourceTree = "<group>";
		};
		103DA5D224E914A9004E4FD5 /* AppDelegate */ = {
			isa = PBXGroup;
			children = (
				103DA5BE24E912B2004E4FD5 /* AppDelegate.swift */,
			);
			path = AppDelegate;
			sourceTree = "<group>";
		};
		103DA5D324E914D4004E4FD5 /* Controllers */ = {
			isa = PBXGroup;
			children = (
				103DA5C224E912B2004E4FD5 /* QuestionViewController.swift */,
				10C49BBA24EB68A000E60966 /* SelectQuestionGroupViewController.swift */,
			);
			path = Controllers;
			sourceTree = "<group>";
		};
		103DA5D424E914FD004E4FD5 /* Models */ = {
			isa = PBXGroup;
			children = (
				10DBF84B24EAF61F002B4ED8 /* Question.swift */,
				10DBF84D24EAF69B002B4ED8 /* QuestionsGroups.swift */,
				10DBF84F24EAF8E1002B4ED8 /* QuestionGroupData.swift */,
			);
			path = Models;
			sourceTree = "<group>";
		};
		103DA5D524E9150A004E4FD5 /* Resources */ = {
			isa = PBXGroup;
			children = (
				103DA5CC24E912B3004E4FD5 /* Info.plist */,
				10DBF85124EAF985002B4ED8 /* Assets.xcassets */,
			);
			path = Resources;
			sourceTree = "<group>";
		};
		103DA5D624E91518004E4FD5 /* Views */ = {
			isa = PBXGroup;
			children = (
				103DA5C424E912B2004E4FD5 /* Main.storyboard */,
				10DBF85324EAF9CA002B4ED8 /* LaunchScreen.storyboard.xml */,
				10DBF85524EAFC19002B4ED8 /* QuestionView.swift */,
				10C49BBC24EB83D600E60966 /* QuestionGroupCell.swift */,
			);
			path = Views;
			sourceTree = "<group>";
		};
		10519F0124EC60270052FBAF /* Stategies */ = {
			isa = PBXGroup;
			children = (
				10519F0224EC607A0052FBAF /* QuestionStrategys.swift */,
				1072EA1C24EC9E0600BCA647 /* SequentialQuestionStrategy.swift */,
				1072EA1E24ECA0DD00BCA647 /* RandomQuestionStrategy.swift */,
			);
			path = Stategies;
			sourceTree = "<group>";
		};
/* End PBXGroup section */

/* Begin PBXNativeTarget section */
		103DA5BA24E912B2004E4FD5 /* RabbleWabble */ = {
			isa = PBXNativeTarget;
			buildConfigurationList = 103DA5CF24E912B3004E4FD5 /* Build configuration list for PBXNativeTarget "RabbleWabble" */;
			buildPhases = (
				103DA5B724E912B2004E4FD5 /* Sources */,
				103DA5B824E912B2004E4FD5 /* Frameworks */,
				103DA5B924E912B2004E4FD5 /* Resources */,
			);
			buildRules = (
			);
			dependencies = (
			);
			name = RabbleWabble;
			productName = RabbleWabble;
			productReference = 103DA5BB24E912B2004E4FD5 /* RabbleWabble.app */;
			productType = "com.apple.product-type.application";
		};
/* End PBXNativeTarget section */

/* Begin PBXProject section */
		103DA5B324E912B2004E4FD5 /* Project object */ = {
			isa = PBXProject;
			attributes = {
				LastSwiftUpdateCheck = 1160;
				LastUpgradeCheck = 1160;
				ORGANIZATIONNAME = "Armando Carrillo";
				TargetAttributes = {
					103DA5BA24E912B2004E4FD5 = {
						CreatedOnToolsVersion = 11.6;
					};
				};
			};
			buildConfigurationList = 103DA5B624E912B2004E4FD5 /* Build configuration list for PBXProject "RabbleWabble" */;
			compatibilityVersion = "Xcode 9.3";
			developmentRegion = en;
			hasScannedForEncodings = 0;
			knownRegions = (
				en,
				Base,
			);
			mainGroup = 103DA5B224E912B2004E4FD5;
			productRefGroup = 103DA5BC24E912B2004E4FD5 /* Products */;
			projectDirPath = "";
			projectRoot = "";
			targets = (
				103DA5BA24E912B2004E4FD5 /* RabbleWabble */,
			);
		};
/* End PBXProject section */

/* Begin PBXResourcesBuildPhase section */
		103DA5B924E912B2004E4FD5 /* Resources */ = {
			isa = PBXResourcesBuildPhase;
			buildActionMask = 2147483647;
			files = (
				10DBF85424EAF9CA002B4ED8 /* LaunchScreen.storyboard.xml in Resources */,
				10DBF85224EAF985002B4ED8 /* Assets.xcassets in Resources */,
				103DA5C624E912B2004E4FD5 /* Main.storyboard in Resources */,
			);
			runOnlyForDeploymentPostprocessing = 0;
		};
/* End PBXResourcesBuildPhase section */

/* Begin PBXSourcesBuildPhase section */
		103DA5B724E912B2004E4FD5 /* Sources */ = {
			isa = PBXSourcesBuildPhase;
			buildActionMask = 2147483647;
			files = (
				103DA5C324E912B2004E4FD5 /* QuestionViewController.swift in Sources */,
				10DBF84C24EAF61F002B4ED8 /* Question.swift in Sources */,
				103DA5BF24E912B2004E4FD5 /* AppDelegate.swift in Sources */,
				10DBF85624EAFC19002B4ED8 /* QuestionView.swift in Sources */,
				10519F0324EC607A0052FBAF /* QuestionStrategys.swift in Sources */,
				10DBF85024EAF8E1002B4ED8 /* QuestionGroupData.swift in Sources */,
				1072EA1D24EC9E0600BCA647 /* SequentialQuestionStrategy.swift in Sources */,
				1072EA1F24ECA0DD00BCA647 /* RandomQuestionStrategy.swift in Sources */,
				10C49BBD24EB83D600E60966 /* QuestionGroupCell.swift in Sources */,
				103DA5C124E912B2004E4FD5 /* SceneDelegate.swift in Sources */,
				10C49BBB24EB68A000E60966 /* SelectQuestionGroupViewController.swift in Sources */,
				10DBF84E24EAF69B002B4ED8 /* QuestionsGroups.swift in Sources */,
			);
			runOnlyForDeploymentPostprocessing = 0;
		};
/* End PBXSourcesBuildPhase section */

/* Begin PBXVariantGroup section */
		103DA5C424E912B2004E4FD5 /* Main.storyboard */ = {
			isa = PBXVariantGroup;
			children = (
				103DA5C524E912B2004E4FD5 /* Base */,
			);
			name = Main.storyboard;
			sourceTree = "<group>";
		};
/* End PBXVariantGroup section */

/* Begin XCBuildConfiguration section */
		103DA5CD24E912B3004E4FD5 /* Debug */ = {
			isa = XCBuildConfiguration;
			buildSettings = {
				ALWAYS_SEARCH_USER_PATHS = NO;
				CLANG_ANALYZER_NONNULL = YES;
				CLANG_ANALYZER_NUMBER_OBJECT_CONVERSION = YES_AGGRESSIVE;
				CLANG_CXX_LANGUAGE_STANDARD = "gnu++14";
				CLANG_CXX_LIBRARY = "libc++";
				CLANG_ENABLE_MODULES = YES;
				CLANG_ENABLE_OBJC_ARC = YES;
				CLANG_ENABLE_OBJC_WEAK = YES;
				CLANG_WARN_BLOCK_CAPTURE_AUTORELEASING = YES;
				CLANG_WARN_BOOL_CONVERSION = YES;
				CLANG_WARN_COMMA = YES;
				CLANG_WARN_CONSTANT_CONVERSION = YES;
				CLANG_WARN_DEPRECATED_OBJC_IMPLEMENTATIONS = YES;
				CLANG_WARN_DIRECT_OBJC_ISA_USAGE = YES_ERROR;
				CLANG_WARN_DOCUMENTATION_COMMENTS = YES;
				CLANG_WARN_EMPTY_BODY = YES;
				CLANG_WARN_ENUM_CONVERSION = YES;
				CLANG_WARN_INFINITE_RECURSION = YES;
				CLANG_WARN_INT_CONVERSION = YES;
				CLANG_WARN_NON_LITERAL_NULL_CONVERSION = YES;
				CLANG_WARN_OBJC_IMPLICIT_RETAIN_SELF = YES;
				CLANG_WARN_OBJC_LITERAL_CONVERSION = YES;
				CLANG_WARN_OBJC_ROOT_CLASS = YES_ERROR;
				CLANG_WARN_RANGE_LOOP_ANALYSIS = YES;
				CLANG_WARN_STRICT_PROTOTYPES = YES;
				CLANG_WARN_SUSPICIOUS_MOVE = YES;
				CLANG_WARN_UNGUARDED_AVAILABILITY = YES_AGGRESSIVE;
				CLANG_WARN_UNREACHABLE_CODE = YES;
				CLANG_WARN__DUPLICATE_METHOD_MATCH = YES;
				COPY_PHASE_STRIP = NO;
				DEBUG_INFORMATION_FORMAT = dwarf;
				ENABLE_STRICT_OBJC_MSGSEND = YES;
				ENABLE_TESTABILITY = YES;
				GCC_C_LANGUAGE_STANDARD = gnu11;
				GCC_DYNAMIC_NO_PIC = NO;
				GCC_NO_COMMON_BLOCKS = YES;
				GCC_OPTIMIZATION_LEVEL = 0;
				GCC_PREPROCESSOR_DEFINITIONS = (
					"DEBUG=1",
					"$(inherited)",
				);
				GCC_WARN_64_TO_32_BIT_CONVERSION = YES;
				GCC_WARN_ABOUT_RETURN_TYPE = YES_ERROR;
				GCC_WARN_UNDECLARED_SELECTOR = YES;
				GCC_WARN_UNINITIALIZED_AUTOS = YES_AGGRESSIVE;
				GCC_WARN_UNUSED_FUNCTION = YES;
				GCC_WARN_UNUSED_VARIABLE = YES;
				IPHONEOS_DEPLOYMENT_TARGET = 13.6;
				MTL_ENABLE_DEBUG_INFO = INCLUDE_SOURCE;
				MTL_FAST_MATH = YES;
				ONLY_ACTIVE_ARCH = YES;
				SDKROOT = iphoneos;
				SWIFT_ACTIVE_COMPILATION_CONDITIONS = DEBUG;
				SWIFT_OPTIMIZATION_LEVEL = "-Onone";
			};
			name = Debug;
		};
		103DA5CE24E912B3004E4FD5 /* Release */ = {
			isa = XCBuildConfiguration;
			buildSettings = {
				ALWAYS_SEARCH_USER_PATHS = NO;
				CLANG_ANALYZER_NONNULL = YES;
				CLANG_ANALYZER_NUMBER_OBJECT_CONVERSION = YES_AGGRESSIVE;
				CLANG_CXX_LANGUAGE_STANDARD = "gnu++14";
				CLANG_CXX_LIBRARY = "libc++";
				CLANG_ENABLE_MODULES = YES;
				CLANG_ENABLE_OBJC_ARC = YES;
				CLANG_ENABLE_OBJC_WEAK = YES;
				CLANG_WARN_BLOCK_CAPTURE_AUTORELEASING = YES;
				CLANG_WARN_BOOL_CONVERSION = YES;
				CLANG_WARN_COMMA = YES;
				CLANG_WARN_CONSTANT_CONVERSION = YES;
				CLANG_WARN_DEPRECATED_OBJC_IMPLEMENTATIONS = YES;
				CLANG_WARN_DIRECT_OBJC_ISA_USAGE = YES_ERROR;
				CLANG_WARN_DOCUMENTATION_COMMENTS = YES;
				CLANG_WARN_EMPTY_BODY = YES;
				CLANG_WARN_ENUM_CONVERSION = YES;
				CLANG_WARN_INFINITE_RECURSION = YES;
				CLANG_WARN_INT_CONVERSION = YES;
				CLANG_WARN_NON_LITERAL_NULL_CONVERSION = YES;
				CLANG_WARN_OBJC_IMPLICIT_RETAIN_SELF = YES;
				CLANG_WARN_OBJC_LITERAL_CONVERSION = YES;
				CLANG_WARN_OBJC_ROOT_CLASS = YES_ERROR;
				CLANG_WARN_RANGE_LOOP_ANALYSIS = YES;
				CLANG_WARN_STRICT_PROTOTYPES = YES;
				CLANG_WARN_SUSPICIOUS_MOVE = YES;
				CLANG_WARN_UNGUARDED_AVAILABILITY = YES_AGGRESSIVE;
				CLANG_WARN_UNREACHABLE_CODE = YES;
				CLANG_WARN__DUPLICATE_METHOD_MATCH = YES;
				COPY_PHASE_STRIP = NO;
				DEBUG_INFORMATION_FORMAT = "dwarf-with-dsym";
				ENABLE_NS_ASSERTIONS = NO;
				ENABLE_STRICT_OBJC_MSGSEND = YES;
				GCC_C_LANGUAGE_STANDARD = gnu11;
				GCC_NO_COMMON_BLOCKS = YES;
				GCC_WARN_64_TO_32_BIT_CONVERSION = YES;
				GCC_WARN_ABOUT_RETURN_TYPE = YES_ERROR;
				GCC_WARN_UNDECLARED_SELECTOR = YES;
				GCC_WARN_UNINITIALIZED_AUTOS = YES_AGGRESSIVE;
				GCC_WARN_UNUSED_FUNCTION = YES;
				GCC_WARN_UNUSED_VARIABLE = YES;
				IPHONEOS_DEPLOYMENT_TARGET = 13.6;
				MTL_ENABLE_DEBUG_INFO = NO;
				MTL_FAST_MATH = YES;
				SDKROOT = iphoneos;
				SWIFT_COMPILATION_MODE = wholemodule;
				SWIFT_OPTIMIZATION_LEVEL = "-O";
				VALIDATE_PRODUCT = YES;
			};
			name = Release;
		};
		103DA5D024E912B3004E4FD5 /* Debug */ = {
			isa = XCBuildConfiguration;
			buildSettings = {
				ASSETCATALOG_COMPILER_APPICON_NAME = AppIcon;
				CODE_SIGN_STYLE = Automatic;
				DEVELOPMENT_TEAM = HMTQUL7LT8;
				INFOPLIST_FILE = "$(SRCROOT)/RabbleWabble/Resources/Info.plist";
				LD_RUNPATH_SEARCH_PATHS = (
					"$(inherited)",
					"@executable_path/Frameworks",
				);
				PRODUCT_BUNDLE_IDENTIFIER = com.mx.armandocarrillo.RabbleWabble;
				PRODUCT_NAME = "$(TARGET_NAME)";
				SWIFT_VERSION = 5.0;
				TARGETED_DEVICE_FAMILY = "1,2";
			};
			name = Debug;
		};
		103DA5D124E912B3004E4FD5 /* Release */ = {
			isa = XCBuildConfiguration;
			buildSettings = {
				ASSETCATALOG_COMPILER_APPICON_NAME = AppIcon;
				CODE_SIGN_STYLE = Automatic;
				DEVELOPMENT_TEAM = HMTQUL7LT8;
				INFOPLIST_FILE = "$(SRCROOT)/RabbleWabble/Resources/Info.plist";
				LD_RUNPATH_SEARCH_PATHS = (
					"$(inherited)",
					"@executable_path/Frameworks",
				);
				PRODUCT_BUNDLE_IDENTIFIER = com.mx.armandocarrillo.RabbleWabble;
				PRODUCT_NAME = "$(TARGET_NAME)";
				SWIFT_VERSION = 5.0;
				TARGETED_DEVICE_FAMILY = "1,2";
			};
			name = Release;
		};
/* End XCBuildConfiguration section */

/* Begin XCConfigurationList section */
		103DA5B624E912B2004E4FD5 /* Build configuration list for PBXProject "RabbleWabble" */ = {
			isa = XCConfigurationList;
			buildConfigurations = (
				103DA5CD24E912B3004E4FD5 /* Debug */,
				103DA5CE24E912B3004E4FD5 /* Release */,
			);
			defaultConfigurationIsVisible = 0;
			defaultConfigurationName = Release;
		};
		103DA5CF24E912B3004E4FD5 /* Build configuration list for PBXNativeTarget "RabbleWabble" */ = {
			isa = XCConfigurationList;
			buildConfigurations = (
				103DA5D024E912B3004E4FD5 /* Debug */,
				103DA5D124E912B3004E4FD5 /* Release */,
			);
			defaultConfigurationIsVisible = 0;
			defaultConfigurationName = Release;
		};
/* End XCConfigurationList section */
	};
	rootObject = 103DA5B324E912B2004E4FD5 /* Project object */;
}
